Microsoft Visual Studio Solution File, Format Version 12.00
# Visual Studio 15
VisualStudioVersion = 15.0.26124.0
MinimumVisualStudioVersion = 15.0.26124.0
Project("{FAE04EC0-301F-11D3-BF4B-00C04F79EFBC}") = "Lib", "Lib\Lib.csproj", "{ACF7494F-164B-4A15-961A-9211E2049A64}"
EndProject
Project("{FAE04EC0-301F-11D3-BF4B-00C04F79EFBC}") = "Sandbox", "Sandbox\Sandbox.csproj", "{3097A8FD-8888-4E57-B502-68A78F6E5AB1}"
EndProject
Global
	GlobalSection(SolutionConfigurationPlatforms) = preSolution
		Debug|x64 = Debug|x64
		Release|x64 = Release|x64
	EndGlobalSection
	GlobalSection(SolutionProperties) = preSolution
		HideSolutionNode = FALSE
	EndGlobalSection
	GlobalSection(ProjectConfigurationPlatforms) = postSolution
		{ACF7494F-164B-4A15-961A-9211E2049A64}.Debug|x64.ActiveCfg = Debug|Any CPU
		{ACF7494F-164B-4A15-961A-9211E2049A64}.Debug|x64.Build.0 = Debug|Any CPU
		{ACF7494F-164B-4A15-961A-9211E2049A64}.Release|x64.ActiveCfg = Release|Any CPU
		{ACF7494F-164B-4A15-961A-9211E2049A64}.Release|x64.Build.0 = Release|Any CPU
		{3097A8FD-8888-4E57-B502-68A78F6E5AB1}.Debug|x64.ActiveCfg = Debug|Any CPU
		{3097A8FD-8888-4E57-B502-68A78F6E5AB1}.Debug|x64.Build.0 = Debug|Any CPU
		{3097A8FD-8888-4E57-B502-68A78F6E5AB1}.Release|x64.ActiveCfg = Release|Any CPU
		{3097A8FD-8888-4E57-B502-68A78F6E5AB1}.Release|x64.Build.0 = Release|Any CPU
	EndGlobalSection
EndGlobal
